
Microsoft Visual Studio Solution File, Format Version 12.00
# Visual Studio Version 16
VisualStudioVersion = 16.0.30711.63
MinimumVisualStudioVersion = 10.0.40219.1
Project("{9A19103F-16F7-4668-BE54-9A1E7A4F7556}") = "Core.ResourceApi", "Core.ResourceApi\Core.ResourceApi.csproj", "{A053D146-5BAD-4B7B-9389-688D3D00822D}"
EndProject
Project("{9A19103F-16F7-4668-BE54-9A1E7A4F7556}") = "Core.Access", "Core.Access\Core.Access.csproj", "{A83D7D89-1E51-4704-9137-E3DA5B22193B}"
EndProject
Project("{9A19103F-16F7-4668-BE54-9A1E7A4F7556}") = "Core.UserClient", "Core.UserClient\Core.UserClient.csproj", "{B7AD05E6-790A-4FC1-8DA4-28F12F0F8912}"
EndProject
Global
	GlobalSection(SolutionConfigurationPlatforms) = preSolution
		Debug|Any CPU = Debug|Any CPU
		Release|Any CPU = Release|Any CPU
	EndGlobalSection
	GlobalSection(ProjectConfigurationPlatforms) = postSolution
		{A053D146-5BAD-4B7B-9389-688D3D00822D}.Debug|Any CPU.ActiveCfg = Debug|Any CPU
		{A053D146-5BAD-4B7B-9389-688D3D00822D}.Debug|Any CPU.Build.0 = Debug|Any CPU
		{A053D146-5BAD-4B7B-9389-688D3D00822D}.Release|Any CPU.ActiveCfg = Release|Any CPU
		{A053D146-5BAD-4B7B-9389-688D3D00822D}.Release|Any CPU.Build.0 = Release|Any CPU
		{A83D7D89-1E51-4704-9137-E3DA5B22193B}.Debug|Any CPU.ActiveCfg = Debug|Any CPU
		{A83D7D89-1E51-4704-9137-E3DA5B22193B}.Debug|Any CPU.Build.0 = Debug|Any CPU
		{A83D7D89-1E51-4704-9137-E3DA5B22193B}.Release|Any CPU.ActiveCfg = Release|Any CPU
		{A83D7D89-1E51-4704-9137-E3DA5B22193B}.Release|Any CPU.Build.0 = Release|Any CPU
		{B7AD05E6-790A-4FC1-8DA4-28F12F0F8912}.Debug|Any CPU.ActiveCfg = Debug|Any CPU
		{B7AD05E6-790A-4FC1-8DA4-28F12F0F8912}.Debug|Any CPU.Build.0 = Debug|Any CPU
		{B7AD05E6-790A-4FC1-8DA4-28F12F0F8912}.Release|Any CPU.ActiveCfg = Release|Any CPU
		{B7AD05E6-790A-4FC1-8DA4-28F12F0F8912}.Release|Any CPU.Build.0 = Release|Any CPU
	EndGlobalSection
	GlobalSection(SolutionProperties) = preSolution
		HideSolutionNode = FALSE
	EndGlobalSection
	GlobalSection(ExtensibilityGlobals) = postSolution
		SolutionGuid = {3998AC57-AC37-4313-82FF-FA1E15621740}
	EndGlobalSection
EndGlobal
